
Microsoft Visual Studio Solution File, Format Version 12.00
# Visual Studio Version 17
VisualStudioVersion = 17.9.34728.123
MinimumVisualStudioVersion = 10.0.40219.1
Project("{FAE04EC0-301F-11D3-BF4B-00C04F79EFBC}") = "Petfolio.API", "Petfolio\Petfolio.API.csproj", "{8CB92356-3C24-4243-B21E-C1D823A5D7F2}"
EndProject
Project("{FAE04EC0-301F-11D3-BF4B-00C04F79EFBC}") = "Petfolio.Communication", "Petfolio.Communication\Petfolio.Communication.csproj", "{24E584EC-9A5F-41BE-8C0F-489A2AC46C52}"
EndProject
Project("{FAE04EC0-301F-11D3-BF4B-00C04F79EFBC}") = "Petfolio.Application", "Petfolio.Application\Petfolio.Application.csproj", "{823B3951-86D4-42FB-A755-8A80A4850866}"
EndProject
Global
	GlobalSection(SolutionConfigurationPlatforms) = preSolution
		Debug|Any CPU = Debug|Any CPU
		Release|Any CPU = Release|Any CPU
	EndGlobalSection
	GlobalSection(ProjectConfigurationPlatforms) = postSolution
		{8CB92356-3C24-4243-B21E-C1D823A5D7F2}.Debug|Any CPU.ActiveCfg = Debug|Any CPU
		{8CB92356-3C24-4243-B21E-C1D823A5D7F2}.Debug|Any CPU.Build.0 = Debug|Any CPU
		{8CB92356-3C24-4243-B21E-C1D823A5D7F2}.Release|Any CPU.ActiveCfg = Release|Any CPU
		{8CB92356-3C24-4243-B21E-C1D823A5D7F2}.Release|Any CPU.Build.0 = Release|Any CPU
		{24E584EC-9A5F-41BE-8C0F-489A2AC46C52}.Debug|Any CPU.ActiveCfg = Debug|Any CPU
		{24E584EC-9A5F-41BE-8C0F-489A2AC46C52}.Debug|Any CPU.Build.0 = Debug|Any CPU
		{24E584EC-9A5F-41BE-8C0F-489A2AC46C52}.Release|Any CPU.ActiveCfg = Release|Any CPU
		{24E584EC-9A5F-41BE-8C0F-489A2AC46C52}.Release|Any CPU.Build.0 = Release|Any CPU
		{823B3951-86D4-42FB-A755-8A80A4850866}.Debug|Any CPU.ActiveCfg = Debug|Any CPU
		{823B3951-86D4-42FB-A755-8A80A4850866}.Debug|Any CPU.Build.0 = Debug|Any CPU
		{823B3951-86D4-42FB-A755-8A80A4850866}.Release|Any CPU.ActiveCfg = Release|Any CPU
		{823B3951-86D4-42FB-A755-8A80A4850866}.Release|Any CPU.Build.0 = Release|Any CPU
	EndGlobalSection
	GlobalSection(SolutionProperties) = preSolution
		HideSolutionNode = FALSE
	EndGlobalSection
	GlobalSection(ExtensibilityGlobals) = postSolution
		SolutionGuid = {43005900-EEF7-4AAC-AA54-B8934B9836D1}
	EndGlobalSection
EndGlobal
